
Microsoft Visual Studio Solution File, Format Version 12.00
# Visual Studio 15
VisualStudioVersion = 15.0.28010.2026
MinimumVisualStudioVersion = 10.0.40219.1
Project("{FAE04EC0-301F-11D3-BF4B-00C04F79EFBC}") = "CSharpLearning1", "CSharpLearning1.csproj", "{EF8A2B15-667F-40F2-8DD8-5AB3B14B5097}"
EndProject
Global
	GlobalSection(SolutionConfigurationPlatforms) = preSolution
		Debug|Any CPU = Debug|Any CPU
		Release|Any CPU = Release|Any CPU
	EndGlobalSection
	GlobalSection(ProjectConfigurationPlatforms) = postSolution
		{EF8A2B15-667F-40F2-8DD8-5AB3B14B5097}.Debug|Any CPU.ActiveCfg = Debug|Any CPU
		{EF8A2B15-667F-40F2-8DD8-5AB3B14B5097}.Debug|Any CPU.Build.0 = Debug|Any CPU
		{EF8A2B15-667F-40F2-8DD8-5AB3B14B5097}.Release|Any CPU.ActiveCfg = Release|Any CPU
		{EF8A2B15-667F-40F2-8DD8-5AB3B14B5097}.Release|Any CPU.Build.0 = Release|Any CPU
	EndGlobalSection
	GlobalSection(SolutionProperties) = preSolution
		HideSolutionNode = FALSE
	EndGlobalSection
	GlobalSection(ExtensibilityGlobals) = postSolution
		SolutionGuid = {8CA9F1F6-A31B-4387-AD82-5BEEDBD4EBC7}
	EndGlobalSection
EndGlobal
